
Microsoft Visual Studio Solution File, Format Version 12.00
# Visual Studio 2015
Project("{FAE04EC0-301F-11D3-BF4B-00C04F79EFBC}") = "TheMadPaddy.CSharp.Plugins", "TheMadPaddy.CSharp.Plugins.csproj", "{D7E97A97-EA8F-CBD4-57B8-7244D30D79CC}"
EndProject
Project("{FAE04EC0-301F-11D3-BF4B-00C04F79EFBC}") = "TheMadPaddy.CSharp", "TheMadPaddy.CSharp.csproj", "{0F6CE1D1-34E3-BB87-88A3-078DDBAA8A95}"
EndProject
Global
	GlobalSection(SolutionConfigurationPlatforms) = preSolution
		Debug|Any CPU = Debug|Any CPU
		Release|Any CPU = Release|Any CPU
	EndGlobalSection
	GlobalSection(ProjectConfigurationPlatforms) = postSolution
		{D7E97A97-EA8F-CBD4-57B8-7244D30D79CC}.Debug|Any CPU.ActiveCfg = Debug|Any CPU
		{D7E97A97-EA8F-CBD4-57B8-7244D30D79CC}.Debug|Any CPU.Build.0 = Debug|Any CPU
		{D7E97A97-EA8F-CBD4-57B8-7244D30D79CC}.Release|Any CPU.ActiveCfg = Release|Any CPU
		{D7E97A97-EA8F-CBD4-57B8-7244D30D79CC}.Release|Any CPU.Build.0 = Release|Any CPU
		{0F6CE1D1-34E3-BB87-88A3-078DDBAA8A95}.Debug|Any CPU.ActiveCfg = Debug|Any CPU
		{0F6CE1D1-34E3-BB87-88A3-078DDBAA8A95}.Debug|Any CPU.Build.0 = Debug|Any CPU
		{0F6CE1D1-34E3-BB87-88A3-078DDBAA8A95}.Release|Any CPU.ActiveCfg = Release|Any CPU
		{0F6CE1D1-34E3-BB87-88A3-078DDBAA8A95}.Release|Any CPU.Build.0 = Release|Any CPU
	EndGlobalSection
	GlobalSection(SolutionProperties) = preSolution
		HideSolutionNode = FALSE
	EndGlobalSection
EndGlobal
